%{
  "accessible": {:hex, :accessible, "0.3.0", "932f6ade6ea839212fea1735ab4ffdc39a3843a622f2ea5d28f0ab41c14b4435", [:mix], [], "hexpm", "13a11b0611ab82f7b9098a88465b5674f729c02bd613216243c123c65f90f296"},
  "atomic_map": {:hex, :atomic_map, "0.9.3", "3c7f1302e0590164732d08ca999708efbb2cd768abf2911cf140280ce2dc499d", [:mix], [], "hexpm", "c237babf301bd2435bd85b96cffc973022b4cbb7721537059ee0dd3bb74938d2"},
  "bertex": {:hex, :bertex, "1.3.0", "0ad0df9159b5110d9d2b6654f72fbf42a54884ef43b6b651e6224c0af30ba3cb", [:mix], [], "hexpm", "0a5d5e478bb5764b7b7bae37cae1ca491200e58b089df121a2fe1c223d8ee57a"},
  "blankable": {:hex, :blankable, "1.0.0", "89ab564a63c55af117e115144e3b3b57eb53ad43ba0f15553357eb283e0ed425", [:mix], [], "hexpm", "7cf11aac0e44f4eedbee0c15c1d37d94c090cb72a8d9fddf9f7aec30f9278899"},
  "dbg_inspect": {:hex, :dbg_inspect, "0.1.0", "612b42f1041b52c6021596a916918b19884398f9683c7c95bd4611c8dbb97a72", [:mix], [], "hexpm", "a3fa3f8eecaa834f5da155706a0fb3482bb7a121bd7c1b350d0913158adac1b9"},
  "decimal": {:hex, :decimal, "2.0.0", "a78296e617b0f5dd4c6caf57c714431347912ffb1d0842e998e9792b5642d697", [:mix], [], "hexpm", "34666e9c55dea81013e77d9d87370fe6cb6291d1ef32f46a1600230b1d44f577"},
  "earmark_parser": {:hex, :earmark_parser, "1.4.13", "0c98163e7d04a15feb62000e1a891489feb29f3d10cb57d4f845c405852bbef8", [:mix], [], "hexpm", "d602c26af3a0af43d2f2645613f65841657ad6efc9f0e361c3b6c06b578214ba"},
  "ecto": {:hex, :ecto, "3.7.1", "a20598862351b29f80f285b21ec5297da1181c0442687f9b8329f0445d228892", [:mix], [{:decimal, "~> 1.6 or ~> 2.0", [hex: :decimal, repo: "hexpm", optional: false]}, {:jason, "~> 1.0", [hex: :jason, repo: "hexpm", optional: true]}, {:telemetry, "~> 0.4 or ~> 1.0", [hex: :telemetry, repo: "hexpm", optional: false]}], "hexpm", "d36e5b39fc479e654cffd4dbe1865d9716e4a9b6311faff799b6f90ab81b8638"},
  "ex_doc": {:hex, :ex_doc, "0.24.2", "e4c26603830c1a2286dae45f4412a4d1980e1e89dc779fcd0181ed1d5a05c8d9", [:mix], [{:earmark_parser, "~> 1.4.0", [hex: :earmark_parser, repo: "hexpm", optional: false]}, {:makeup_elixir, "~> 0.14", [hex: :makeup_elixir, repo: "hexpm", optional: false]}, {:makeup_erlang, "~> 0.1", [hex: :makeup_erlang, repo: "hexpm", optional: false]}], "hexpm", "e134e1d9e821b8d9e4244687fb2ace58d479b67b282de5158333b0d57c6fb7da"},
  "heroicons": {:hex, :heroicons, "0.1.1", "fc77add0498688a587966304850210c2a30bc49c138c897e23e03a50e1ecd3d7", [:mix], [], "hexpm", "3c87805fd91b083d474eb57f4efd4b9a11ee4410ec0882129850df4dc2a303f2"},
  "jason": {:hex, :jason, "1.2.2", "ba43e3f2709fd1aa1dce90aaabfd039d000469c05c56f0b8e31978e03fa39052", [:mix], [{:decimal, "~> 1.0 or ~> 2.0", [hex: :decimal, repo: "hexpm", optional: true]}], "hexpm", "18a228f5f0058ee183f29f9eae0805c6e59d61c3b006760668d8d18ff0d12179"},
  "makeup": {:hex, :makeup, "1.0.5", "d5a830bc42c9800ce07dd97fa94669dfb93d3bf5fcf6ea7a0c67b2e0e4a7f26c", [:mix], [{:nimble_parsec, "~> 0.5 or ~> 1.0", [hex: :nimble_parsec, repo: "hexpm", optional: false]}], "hexpm", "cfa158c02d3f5c0c665d0af11512fed3fba0144cf1aadee0f2ce17747fba2ca9"},
  "makeup_elixir": {:hex, :makeup_elixir, "0.15.1", "b5888c880d17d1cc3e598f05cdb5b5a91b7b17ac4eaf5f297cb697663a1094dd", [:mix], [{:makeup, "~> 1.0", [hex: :makeup, repo: "hexpm", optional: false]}, {:nimble_parsec, "~> 1.1", [hex: :nimble_parsec, repo: "hexpm", optional: false]}], "hexpm", "db68c173234b07ab2a07f645a5acdc117b9f99d69ebf521821d89690ae6c6ec8"},
  "makeup_erlang": {:hex, :makeup_erlang, "0.1.1", "3fcb7f09eb9d98dc4d208f49cc955a34218fc41ff6b84df7c75b3e6e533cc65f", [:mix], [{:makeup, "~> 1.0", [hex: :makeup, repo: "hexpm", optional: false]}], "hexpm", "174d0809e98a4ef0b3309256cbf97101c6ec01c4ab0b23e926a9e17df2077cbb"},
  "mavu_buckets": {:hex, :mavu_buckets, "0.1.3", "e24a033b536141fef1c11989c777837e087e8cf6002a8a24e39a8f8e184ca350", [:mix], [{:accessible, ">= 0.2.0", [hex: :accessible, repo: "hexpm", optional: false]}, {:bertex, "~> 1.3", [hex: :bertex, repo: "hexpm", optional: false]}, {:ecto, ">= 3.0.0", [hex: :ecto, repo: "hexpm", optional: false]}, {:mavu_utils, "~> 0.1.0", [hex: :mavu_utils, repo: "hexpm", optional: false]}], "hexpm", "6f4896edb9ac638cebde40015796e5558839f58a5fe88e9811b500dc259d75f8"},
  "mavu_content": {:hex, :mavu_content, "0.1.2", "b6a656c50d0502099a76c3771e4a2c2d6756df4c9ae58b4c49c053a2002f1766", [:mix], [{:ecto, ">= 3.0.0", [hex: :ecto, repo: "hexpm", optional: false]}], "hexpm", "4ddad6c2ba58ca41b5c0980f28fa88fd49768f95a20fce7f88b735a9f8e84d87"},
  "mavu_form": {:hex, :mavu_form, "0.1.3", "215a2f9e624b3fadc7dab51cacec6daafb1f526355f8ed5c16b6c72c402e1c8a", [:mix], [{:mavu_utils, "~> 0.1", [hex: :mavu_utils, repo: "hexpm", optional: false]}, {:phoenix_html, "~> 2.11 or ~> 3.0", [hex: :phoenix_html, repo: "hexpm", optional: false]}, {:pit, "~> 1.2.0", [hex: :pit, repo: "hexpm", optional: false]}], "hexpm", "113fbd18133fa83eed14c74f0fdaccc7ef81173bcde6eef8dfd8cd7b0eb65dd4"},
  "mavu_list": {:hex, :mavu_list, "0.1.9", "bac9ea66c10a8cab1524a08319bc7f2bbf03a3ee1bc84205324e57ae4bfe42c2", [:mix], [{:accessible, ">= 0.2.0", [hex: :accessible, repo: "hexpm", optional: false]}, {:ecto, ">= 3.0.0", [hex: :ecto, repo: "hexpm", optional: false]}, {:mavu_utils, "~> 0.1", [hex: :mavu_utils, repo: "hexpm", optional: false]}, {:phoenix, ">= 1.5.0", [hex: :phoenix, repo: "hexpm", optional: false]}, {:phoenix_html, ">= 2.0.0", [hex: :phoenix_html, repo: "hexpm", optional: false]}, {:pit, "~> 1.2.0", [hex: :pit, repo: "hexpm", optional: false]}], "hexpm", "d5f07ff464cd1e65cd5ac95ba33920576b96a96de18f51ff142ca0cebf3f36c8"},
  "mavu_snippets": {:hex, :mavu_snippets, "0.1.9", "139321861957378c1b561b9933a7dd40c2cad52dc73ef3e7a4b6bb9e2a001301", [:mix], [{:accessible, ">= 0.2.0", [hex: :accessible, repo: "hexpm", optional: false]}, {:atomic_map, "~> 0.8", [hex: :atomic_map, repo: "hexpm", optional: false]}, {:ecto, ">= 3.0.0", [hex: :ecto, repo: "hexpm", optional: false]}, {:mavu_content, "~> 0.1.0", [hex: :mavu_content, repo: "hexpm", optional: false]}, {:mavu_utils, "~> 0.1.0", [hex: :mavu_utils, repo: "hexpm", optional: false]}, {:memoize, ">= 1.3.0", [hex: :memoize, repo: "hexpm", optional: false]}, {:phoenix, ">= 1.5.0", [hex: :phoenix, repo: "hexpm", optional: false]}, {:phoenix_html, ">= 2.0.0", [hex: :phoenix_html, repo: "hexpm", optional: false]}], "hexpm", "355b9274fb4845123c9869bb0a95f265f603328425769495c5fe806763d268c8"},
  "mavu_utils": {:hex, :mavu_utils, "0.1.7", "46157503335caa4a1bdc312d4610fb7ec6f8485635f6ab6bb039babd290e565b", [:mix], [{:blankable, "~> 1.0", [hex: :blankable, repo: "hexpm", optional: false]}, {:decimal, ">= 0.0.0", [hex: :decimal, repo: "hexpm", optional: false]}, {:ecto, ">= 0.0.0", [hex: :ecto, repo: "hexpm", optional: false]}], "hexpm", "43559968c1b81f291e099d7d497c554fe911438305f056734a8a85c98ef77117"},
  "memoize": {:hex, :memoize, "1.4.0", "dce828382552a03d166b0793772514835ea079d74aa5f825dceb2827ad86cf13", [:mix], [], "hexpm", "c73d50feef0d44a9fa9a4d7e13ca53c367b0307aeb48204301d07a01a707b776"},
  "mime": {:hex, :mime, "2.0.2", "0b9e1a4c840eafb68d820b0e2158ef5c49385d17fb36855ac6e7e087d4b1dcc5", [:mix], [], "hexpm", "e6a3f76b4c277739e36c2e21a2c640778ba4c3846189d5ab19f97f126df5f9b7"},
  "nimble_parsec": {:hex, :nimble_parsec, "1.1.0", "3a6fca1550363552e54c216debb6a9e95bd8d32348938e13de5eda962c0d7f89", [:mix], [], "hexpm", "08eb32d66b706e913ff748f11694b17981c0b04a33ef470e33e11b3d3ac8f54b"},
  "phoenix": {:hex, :phoenix, "1.6.5", "07af307b28a5820b4394f27ac7003df052e065ff651520a58abb16be1eecd519", [:mix], [{:jason, "~> 1.0", [hex: :jason, repo: "hexpm", optional: true]}, {:phoenix_pubsub, "~> 2.0", [hex: :phoenix_pubsub, repo: "hexpm", optional: false]}, {:phoenix_view, "~> 1.0", [hex: :phoenix_view, repo: "hexpm", optional: false]}, {:plug, "~> 1.10", [hex: :plug, repo: "hexpm", optional: false]}, {:plug_cowboy, "~> 2.2", [hex: :plug_cowboy, repo: "hexpm", optional: true]}, {:plug_crypto, "~> 1.2", [hex: :plug_crypto, repo: "hexpm", optional: false]}, {:telemetry, "~> 0.4 or ~> 1.0", [hex: :telemetry, repo: "hexpm", optional: false]}], "hexpm", "97dc3052ca648499280e0636471f1d0439fc623ccdce27d2d8135651421ee80c"},
  "phoenix_html": {:hex, :phoenix_html, "3.2.0", "1c1219d4b6cb22ac72f12f73dc5fad6c7563104d083f711c3fcd8551a1f4ae11", [:mix], [{:plug, "~> 1.5", [hex: :plug, repo: "hexpm", optional: true]}], "hexpm", "36ec97ba56d25c0136ef1992c37957e4246b649d620958a1f9fa86165f8bc54f"},
  "phoenix_live_view": {:hex, :phoenix_live_view, "0.17.5", "63f52a6f9f6983f04e424586ff897c016ecc5e4f8d1e2c22c2887af1c57215d8", [:mix], [{:jason, "~> 1.0", [hex: :jason, repo: "hexpm", optional: true]}, {:phoenix, "~> 1.5.9 or ~> 1.6.0", [hex: :phoenix, repo: "hexpm", optional: false]}, {:phoenix_html, "~> 3.1", [hex: :phoenix_html, repo: "hexpm", optional: false]}, {:telemetry, "~> 0.4.2 or ~> 1.0", [hex: :telemetry, repo: "hexpm", optional: false]}], "hexpm", "c5586e6a3d4df71b8214c769d4f5eb8ece2b4001711a7ca0f97323c36958b0e3"},
  "phoenix_pubsub": {:hex, :phoenix_pubsub, "2.0.0", "a1ae76717bb168cdeb10ec9d92d1480fec99e3080f011402c0a2d68d47395ffb", [:mix], [], "hexpm", "c52d948c4f261577b9c6fa804be91884b381a7f8f18450c5045975435350f771"},
  "phoenix_view": {:hex, :phoenix_view, "1.0.0", "fea71ecaaed71178b26dd65c401607de5ec22e2e9ef141389c721b3f3d4d8011", [:mix], [{:phoenix_html, "~> 2.14.2 or ~> 3.0", [hex: :phoenix_html, repo: "hexpm", optional: true]}], "hexpm", "82be3e2516f5633220246e2e58181282c71640dab7afc04f70ad94253025db0c"},
  "pit": {:hex, :pit, "1.2.0", "6cb8f20d800bf07454d9aa6821c00ef17f8ea484d9c0effb59d448b779f08c12", [:mix], [], "hexpm", "7a5922fb8979c12b13fb8e50b931efb6e01a1ad965f5ee1402bdb6858f9b0f5a"},
  "plug": {:hex, :plug, "1.12.1", "645678c800601d8d9f27ad1aebba1fdb9ce5b2623ddb961a074da0b96c35187d", [:mix], [{:mime, "~> 1.0 or ~> 2.0", [hex: :mime, repo: "hexpm", optional: false]}, {:plug_crypto, "~> 1.1.1 or ~> 1.2", [hex: :plug_crypto, repo: "hexpm", optional: false]}, {:telemetry, "~> 0.4.3 or ~> 1.0", [hex: :telemetry, repo: "hexpm", optional: false]}], "hexpm", "d57e799a777bc20494b784966dc5fbda91eb4a09f571f76545b72a634ce0d30b"},
  "plug_crypto": {:hex, :plug_crypto, "1.2.2", "05654514ac717ff3a1843204b424477d9e60c143406aa94daf2274fdd280794d", [:mix], [], "hexpm", "87631c7ad914a5a445f0a3809f99b079113ae4ed4b867348dd9eec288cecb6db"},
  "telemetry": {:hex, :telemetry, "1.0.0", "0f453a102cdf13d506b7c0ab158324c337c41f1cc7548f0bc0e130bbf0ae9452", [:rebar3], [], "hexpm", "73bc09fa59b4a0284efb4624335583c528e07ec9ae76aca96ea0673850aec57a"},
  "typed_struct": {:hex, :typed_struct, "0.2.1", "e1993414c371f09ff25231393b6430bd89d780e2a499ae3b2d2b00852f593d97", [:mix], [], "hexpm", "8f5218c35ec38262f627b2c522542f1eae41f625f92649c0af701a6fab2e11b3"},
}
